
Microsoft Visual Studio Solution File, Format Version 12.00
Project("{FAE04EC0-301F-11D3-BF4B-00C04F79EFBC}") = "TestMudBlazorDocker", "TestMudBlazorDocker\TestMudBlazorDocker.csproj", "{A5500244-2329-4AAA-AED4-F7CB458EC9FB}"
EndProject
Global
	GlobalSection(SolutionConfigurationPlatforms) = preSolution
		Debug|Any CPU = Debug|Any CPU
		Release|Any CPU = Release|Any CPU
	EndGlobalSection
	GlobalSection(ProjectConfigurationPlatforms) = postSolution
		{A5500244-2329-4AAA-AED4-F7CB458EC9FB}.Debug|Any CPU.ActiveCfg = Debug|Any CPU
		{A5500244-2329-4AAA-AED4-F7CB458EC9FB}.Debug|Any CPU.Build.0 = Debug|Any CPU
		{A5500244-2329-4AAA-AED4-F7CB458EC9FB}.Release|Any CPU.ActiveCfg = Release|Any CPU
		{A5500244-2329-4AAA-AED4-F7CB458EC9FB}.Release|Any CPU.Build.0 = Release|Any CPU
	EndGlobalSection
EndGlobal
